github.com/GoesToEleven/go-programming v0.0.0-20181228215051-5519dbb87bc5 h1:WKpGS7hJdUWc4YHjvTY96oic8W7Bd6j4zYqAPeyf9N8=
github.com/GoesToEleven/go-programming v0.0.0-20181228215051-5519dbb87bc5/go.mod h1:LldzOPaKdMOUfSPvqxm1wFrOU8CE1XhRhWn+tbMPe+w=
github.com/aakashbanerjee/golang v0.0.0-20200511025255-31052baf7752 h1:o5MHQ0GDnwiBqH/5/UINgoj7FdRPZw4RceAfA6pcCbA=
github.com/aakashbanerjee/golang v0.0.0-20200512175854-47d240c455e0 h1:QVDxydHq5WHDUUXiiwsNyi0r88cdPHyigDt5DrWAg6s=
